
Microsoft Visual Studio Solution File, Format Version 12.00
# Visual Studio Version 16
VisualStudioVersion = 16.0.29424.173
MinimumVisualStudioVersion = 10.0.40219.1
Project("{FAE04EC0-301F-11D3-BF4B-00C04F79EFBC}") = "7Element", "7Element\7Element.csproj", "{EABBEAC6-3456-4633-BA36-1CECE8A28164}"
EndProject
Global
	GlobalSection(SolutionConfigurationPlatforms) = preSolution
		Debug|Any CPU = Debug|Any CPU
		Release|Any CPU = Release|Any CPU
	EndGlobalSection
	GlobalSection(ProjectConfigurationPlatforms) = postSolution
		{EABBEAC6-3456-4633-BA36-1CECE8A28164}.Debug|Any CPU.ActiveCfg = Debug|Any CPU
		{EABBEAC6-3456-4633-BA36-1CECE8A28164}.Debug|Any CPU.Build.0 = Debug|Any CPU
		{EABBEAC6-3456-4633-BA36-1CECE8A28164}.Release|Any CPU.ActiveCfg = Release|Any CPU
		{EABBEAC6-3456-4633-BA36-1CECE8A28164}.Release|Any CPU.Build.0 = Release|Any CPU
	EndGlobalSection
	GlobalSection(SolutionProperties) = preSolution
		HideSolutionNode = FALSE
	EndGlobalSection
	GlobalSection(ExtensibilityGlobals) = postSolution
		SolutionGuid = {DB4EEA4D-D730-4EA0-81B0-39D3A6E69538}
	EndGlobalSection
EndGlobal
